
Microsoft Visual Studio Solution File, Format Version 12.00
# Visual Studio 15
VisualStudioVersion = 15.0.27004.2008
MinimumVisualStudioVersion = 10.0.40219.1
Project("{F14B399A-7131-4C87-9E4B-1186C45EF12D}") = "SSRS", "SSRS\SSRS.rptproj", "{D8134533-F555-4BE7-8A2D-3DF2A15C8E2F}"
EndProject
Global
	GlobalSection(SolutionConfigurationPlatforms) = preSolution
		Debug|Default = Debug|Default
		DebugLocal|Default = DebugLocal|Default
		Release|Default = Release|Default
	EndGlobalSection
	GlobalSection(ProjectConfigurationPlatforms) = postSolution
		{D8134533-F555-4BE7-8A2D-3DF2A15C8E2F}.Debug|Default.ActiveCfg = Debug
		{D8134533-F555-4BE7-8A2D-3DF2A15C8E2F}.Debug|Default.Build.0 = Debug
		{D8134533-F555-4BE7-8A2D-3DF2A15C8E2F}.Debug|Default.Deploy.0 = Debug
		{D8134533-F555-4BE7-8A2D-3DF2A15C8E2F}.DebugLocal|Default.ActiveCfg = DebugLocal
		{D8134533-F555-4BE7-8A2D-3DF2A15C8E2F}.DebugLocal|Default.Build.0 = DebugLocal
		{D8134533-F555-4BE7-8A2D-3DF2A15C8E2F}.Release|Default.ActiveCfg = Release
		{D8134533-F555-4BE7-8A2D-3DF2A15C8E2F}.Release|Default.Build.0 = Release
		{D8134533-F555-4BE7-8A2D-3DF2A15C8E2F}.Release|Default.Deploy.0 = Release
	EndGlobalSection
	GlobalSection(SolutionProperties) = preSolution
		HideSolutionNode = FALSE
	EndGlobalSection
	GlobalSection(ExtensibilityGlobals) = postSolution
		SolutionGuid = {4A857CE2-DC37-4E34-8B5A-83C72A271E10}
	EndGlobalSection
	GlobalSection(TeamFoundationVersionControl) = preSolution
		SccNumberOfProjects = 2
		SccEnterpriseProvider = {4CA58AB2-18FA-4F8D-95D4-32DDF27D184C}
		SccTeamFoundationServer = http://hplaptop003:8080/tfs/datadictionary
		SccLocalPath0 = .
		SccProjectUniqueName1 = SSRS\\SSRS.rptproj
		SccProjectName1 = SSRS
		SccLocalPath1 = SSRS
	EndGlobalSection
EndGlobal
